{
  "name": "onestore.b",
  "lockfileVersion": 3,
  "requires": true,
  "packages": {
    "": {
      "dependencies": {
        "zeroeval": "^0.1.15"
      }
    },
    "node_modules/zeroeval": {
      "version": "0.1.15",
      "resolved": "https://registry.npmjs.org/zeroeval/-/zeroeval-0.1.15.tgz",
      "integrity": "sha512-XA60n8qe3qzTm4SnJ0jgTAkWnD7ZYwL6tghlF94Sh28XaEul9MN5bOf+GeEYj1v6P/fJJmWmtFeXftiQWS6eiA==",
      "license": "Apache-2.0",
      "engines": {
        "node": ">=18.0.0"
      },
      "peerDependencies": {
        "@ai-sdk/openai": "^1.3.22",
        "@langchain/core": "^0.3.62",
        "@langchain/langgraph": "^0.3.6",
        "ai": "^4.3.16",
        "langchain": "^0.3.29",
        "openai": "^5.8.2"
      },
      "peerDependenciesMeta": {
        "@ai-sdk/openai": {
          "optional": true
        },
        "@langchain/core": {
          "optional": true
        },
        "@langchain/langgraph": {
          "optional": true
        },
        "ai": {
          "optional": true
        },
        "langchain": {
          "optional": true
        },
        "openai": {
          "optional": true
        }
      }
    }
  }
}
